// !$*UTF8*$!
{
	archiveVersion = 1;
	classes = {
	};
	objectVersion = 46;
	objects = {

/* Begin PBXBuildFile section */
		96576A1D19886EDC00097652 /* AppDelegate.swift in Sources */ = {isa = PBXBuildFile; fileRef = 96576A1C19886EDC00097652 /* AppDelegate.swift */; };
		96576A1F19886EDC00097652 /* ViewController.swift in Sources */ = {isa = PBXBuildFile; fileRef = 96576A1E19886EDC00097652 /* ViewController.swift */; };
		96576A2219886EDC00097652 /* Main.storyboard in Resources */ = {isa = PBXBuildFile; fileRef = 96576A2019886EDC00097652 /* Main.storyboard */; };
		96576A2419886EDC00097652 /* Images.xcassets in Resources */ = {isa = PBXBuildFile; fileRef = 96576A2319886EDC00097652 /* Images.xcassets */; };
		96576A3019886EDD00097652 /* SwiftStepTests.swift in Sources */ = {isa = PBXBuildFile; fileRef = 96576A2F19886EDD00097652 /* SwiftStepTests.swift */; };
		96576A3B19886F1D00097652 /* testClass.m in Sources */ = {isa = PBXBuildFile; fileRef = 96576A3A19886F1D00097652 /* testClass.m */; };
		D1212DD6D31B484C8AE3480B /* libPods-SwiftStep.a in Frameworks */ = {isa = PBXBuildFile; fileRef = 979A8D2997594A58BB09D3DD /* libPods-SwiftStep.a */; };
/* End PBXBuildFile section */

/* Begin PBXContainerItemProxy section */
		96576A2A19886EDD00097652 /* PBXContainerItemProxy */ = {
			isa = PBXContainerItemProxy;
			containerPortal = 96576A0F19886EDC00097652 /* Project object */;
			proxyType = 1;
			remoteGlobalIDString = 96576A1619886EDC00097652;
			remoteInfo = SwiftStep;
		};
/* End PBXContainerItemProxy section */

/* Begin PBXFileReference section */
		96576A1719886EDC00097652 /* SwiftStep.app */ = {isa = PBXFileReference; explicitFileType = wrapper.application; includeInIndex = 0; path = SwiftStep.app; sourceTree = BUILT_PRODUCTS_DIR; };
		96576A1B19886EDC00097652 /* Info.plist */ = {isa = PBXFileReference; lastKnownFileType = text.plist.xml; path = Info.plist; sourceTree = "<group>"; };
		96576A1C19886EDC00097652 /* AppDelegate.swift */ = {isa = PBXFileReference; lastKnownFileType = sourcecode.swift; path = AppDelegate.swift; sourceTree = "<group>"; };
		96576A1E19886EDC00097652 /* ViewController.swift */ = {isa = PBXFileReference; lastKnownFileType = sourcecode.swift; path = ViewController.swift; sourceTree = "<group>"; };
		96576A2119886EDC00097652 /* Base */ = {isa = PBXFileReference; lastKnownFileType = file.storyboard; name = Base; path = Base.lproj/Main.storyboard; sourceTree = "<group>"; };
		96576A2319886EDC00097652 /* Images.xcassets */ = {isa = PBXFileReference; lastKnownFileType = folder.assetcatalog; path = Images.xcassets; sourceTree = "<group>"; };
		96576A2919886EDD00097652 /* SwiftStepTests.xctest */ = {isa = PBXFileReference; explicitFileType = wrapper.cfbundle; includeInIndex = 0; path = SwiftStepTests.xctest; sourceTree = BUILT_PRODUCTS_DIR; };
		96576A2E19886EDD00097652 /* Info.plist */ = {isa = PBXFileReference; lastKnownFileType = text.plist.xml; path = Info.plist; sourceTree = "<group>"; };
		96576A2F19886EDD00097652 /* SwiftStepTests.swift */ = {isa = PBXFileReference; lastKnownFileType = sourcecode.swift; path = SwiftStepTests.swift; sourceTree = "<group>"; };
		96576A3919886F1D00097652 /* SwiftStep-Bridging-Header.h */ = {isa = PBXFileReference; lastKnownFileType = sourcecode.c.h; path = "SwiftStep-Bridging-Header.h"; sourceTree = "<group>"; };
		96576A3A19886F1D00097652 /* testClass.m */ = {isa = PBXFileReference; fileEncoding = 4; lastKnownFileType = sourcecode.c.objc; name = testClass.m; path = ../testClass.m; sourceTree = "<group>"; };
		96576A3C19886F3800097652 /* testClass.h */ = {isa = PBXFileReference; lastKnownFileType = sourcecode.c.h; name = testClass.h; path = ../testClass.h; sourceTree = "<group>"; };
		979A8D2997594A58BB09D3DD /* libPods-SwiftStep.a */ = {isa = PBXFileReference; explicitFileType = archive.ar; includeInIndex = 0; path = "libPods-SwiftStep.a"; sourceTree = BUILT_PRODUCTS_DIR; };
		A1E477F41D4143C6994515D3 /* Pods-SwiftStep.xcconfig */ = {isa = PBXFileReference; includeInIndex = 1; lastKnownFileType = text.xcconfig; name = "Pods-SwiftStep.xcconfig"; path = "Pods/Pods-SwiftStep.xcconfig"; sourceTree = "<group>"; };
/* End PBXFileReference section */

/* Begin PBXFrameworksBuildPhase section */
		96576A1419886EDC00097652 /* Frameworks */ = {
			isa = PBXFrameworksBuildPhase;
			buildActionMask = 2147483647;
			files = (
				D1212DD6D31B484C8AE3480B /* libPods-SwiftStep.a in Frameworks */,
			);
			runOnlyForDeploymentPostprocessing = 0;
		};
		96576A2619886EDD00097652 /* Frameworks */ = {
			isa = PBXFrameworksBuildPhase;
			buildActionMask = 2147483647;
			files = (
			);
			runOnlyForDeploymentPostprocessing = 0;
		};
/* End PBXFrameworksBuildPhase section */

/* Begin PBXGroup section */
		96576A0E19886EDC00097652 = {
			isa = PBXGroup;
			children = (
				96576A1919886EDC00097652 /* SwiftStep */,
				96576A2C19886EDD00097652 /* SwiftStepTests */,
				96576A1819886EDC00097652 /* Products */,
				96576A3919886F1D00097652 /* SwiftStep-Bridging-Header.h */,
				A1E477F41D4143C6994515D3 /* Pods-SwiftStep.xcconfig */,
				CECAB409D234467A80A3FB5A /* Frameworks */,
			);
			sourceTree = "<group>";
		};
		96576A1819886EDC00097652 /* Products */ = {
			isa = PBXGroup;
			children = (
				96576A1719886EDC00097652 /* SwiftStep.app */,
				96576A2919886EDD00097652 /* SwiftStepTests.xctest */,
			);
			name = Products;
			sourceTree = "<group>";
		};
		96576A1919886EDC00097652 /* SwiftStep */ = {
			isa = PBXGroup;
			children = (
				96576A3C19886F3800097652 /* testClass.h */,
				96576A3A19886F1D00097652 /* testClass.m */,
				96576A1C19886EDC00097652 /* AppDelegate.swift */,
				96576A1E19886EDC00097652 /* ViewController.swift */,
				96576A2019886EDC00097652 /* Main.storyboard */,
				96576A2319886EDC00097652 /* Images.xcassets */,
				96576A1A19886EDC00097652 /* Supporting Files */,
			);
			path = SwiftStep;
			sourceTree = "<group>";
		};
		96576A1A19886EDC00097652 /* Supporting Files */ = {
			isa = PBXGroup;
			children = (
				96576A1B19886EDC00097652 /* Info.plist */,
			);
			name = "Supporting Files";
			sourceTree = "<group>";
		};
		96576A2C19886EDD00097652 /* SwiftStepTests */ = {
			isa = PBXGroup;
			children = (
				96576A2F19886EDD00097652 /* SwiftStepTests.swift */,
				96576A2D19886EDD00097652 /* Supporting Files */,
			);
			path = SwiftStepTests;
			sourceTree = "<group>";
		};
		96576A2D19886EDD00097652 /* Supporting Files */ = {
			isa = PBXGroup;
			children = (
				96576A2E19886EDD00097652 /* Info.plist */,
			);
			name = "Supporting Files";
			sourceTree = "<group>";
		};
		CECAB409D234467A80A3FB5A /* Frameworks */ = {
			isa = PBXGroup;
			children = (
				979A8D2997594A58BB09D3DD /* libPods-SwiftStep.a */,
			);
			name = Frameworks;
			sourceTree = "<group>";
		};
/* End PBXGroup section */

/* Begin PBXNativeTarget section */
		96576A1619886EDC00097652 /* SwiftStep */ = {
			isa = PBXNativeTarget;
			buildConfigurationList = 96576A3319886EDD00097652 /* Build configuration list for PBXNativeTarget "SwiftStep" */;
			buildPhases = (
				48F0E8D394FC417FBDF45489 /* Check Pods Manifest.lock */,
				96576A1319886EDC00097652 /* Sources */,
				96576A1419886EDC00097652 /* Frameworks */,
				96576A1519886EDC00097652 /* Resources */,
				6E70BA7B1A664C26B4857FA0 /* Copy Pods Resources */,
			);
			buildRules = (
			);
			dependencies = (
			);
			name = SwiftStep;
			productName = SwiftStep;
			productReference = 96576A1719886EDC00097652 /* SwiftStep.app */;
			productType = "com.apple.product-type.application";
		};
		96576A2819886EDD00097652 /* SwiftStepTests */ = {
			isa = PBXNativeTarget;
			buildConfigurationList = 96576A3619886EDD00097652 /* Build configuration list for PBXNativeTarget "SwiftStepTests" */;
			buildPhases = (
				96576A2519886EDD00097652 /* Sources */,
				96576A2619886EDD00097652 /* Frameworks */,
				96576A2719886EDD00097652 /* Resources */,
			);
			buildRules = (
			);
			dependencies = (
				96576A2B19886EDD00097652 /* PBXTargetDependency */,
			);
			name = SwiftStepTests;
			productName = SwiftStepTests;
			productReference = 96576A2919886EDD00097652 /* SwiftStepTests.xctest */;
			productType = "com.apple.product-type.bundle.unit-test";
		};
/* End PBXNativeTarget section */

/* Begin PBXProject section */
		96576A0F19886EDC00097652 /* Project object */ = {
			isa = PBXProject;
			attributes = {
				LastUpgradeCheck = 0600;
				ORGANIZATIONNAME = Rukesh;
				TargetAttributes = {
					96576A1619886EDC00097652 = {
						CreatedOnToolsVersion = 6.0;
					};
					96576A2819886EDD00097652 = {
						CreatedOnToolsVersion = 6.0;
						TestTargetID = 96576A1619886EDC00097652;
					};
				};
			};
			buildConfigurationList = 96576A1219886EDC00097652 /* Build configuration list for PBXProject "SwiftStep" */;
			compatibilityVersion = "Xcode 3.2";
			developmentRegion = English;
			hasScannedForEncodings = 0;
			knownRegions = (
				en,
				Base,
			);
			mainGroup = 96576A0E19886EDC00097652;
			productRefGroup = 96576A1819886EDC00097652 /* Products */;
			projectDirPath = "";
			projectRoot = "";
			targets = (
				96576A1619886EDC00097652 /* SwiftStep */,
				96576A2819886EDD00097652 /* SwiftStepTests */,
			);
		};
/* End PBXProject section */

/* Begin PBXResourcesBuildPhase section */
		96576A1519886EDC00097652 /* Resources */ = {
			isa = PBXResourcesBuildPhase;
			buildActionMask = 2147483647;
			files = (
				96576A2219886EDC00097652 /* Main.storyboard in Resources */,
				96576A2419886EDC00097652 /* Images.xcassets in Resources */,
			);
			runOnlyForDeploymentPostprocessing = 0;
		};
		96576A2719886EDD00097652 /* Resources */ = {
			isa = PBXResourcesBuildPhase;
			buildActionMask = 2147483647;
			files = (
			);
			runOnlyForDeploymentPostprocessing = 0;
		};
/* End PBXResourcesBuildPhase section */

/* Begin PBXShellScriptBuildPhase section */
		48F0E8D394FC417FBDF45489 /* Check Pods Manifest.lock */ = {
			isa = PBXShellScriptBuildPhase;
			buildActionMask = 2147483647;
			files = (
			);
			inputPaths = (
			);
			name = "Check Pods Manifest.lock";
			outputPaths = (
			);
			runOnlyForDeploymentPostprocessing = 0;
			shellPath = /bin/sh;
			shellScript = "diff \"${PODS_ROOT}/../Podfile.lock\" \"${PODS_ROOT}/Manifest.lock\" > /dev/null\nif [[ $? != 0 ]] ; then\n    cat << EOM\nerror: The sandbox is not in sync with the Podfile.lock. Run 'pod install' or update your CocoaPods installation.\nEOM\n    exit 1\nfi\n";
			showEnvVarsInLog = 0;
		};
		6E70BA7B1A664C26B4857FA0 /* Copy Pods Resources */ = {
			isa = PBXShellScriptBuildPhase;
			buildActionMask = 2147483647;
			files = (
			);
			inputPaths = (
			);
			name = "Copy Pods Resources";
			outputPaths = (
			);
			runOnlyForDeploymentPostprocessing = 0;
			shellPath = /bin/sh;
			shellScript = "\"${SRCROOT}/Pods/Pods-SwiftStep-resources.sh\"\n";
			showEnvVarsInLog = 0;
		};
/* End PBXShellScriptBuildPhase section */

/* Begin PBXSourcesBuildPhase section */
		96576A1319886EDC00097652 /* Sources */ = {
			isa = PBXSourcesBuildPhase;
			buildActionMask = 2147483647;
			files = (
				96576A3B19886F1D00097652 /* testClass.m in Sources */,
				96576A1F19886EDC00097652 /* ViewController.swift in Sources */,
				96576A1D19886EDC00097652 /* AppDelegate.swift in Sources */,
			);
			runOnlyForDeploymentPostprocessing = 0;
		};
		96576A2519886EDD00097652 /* Sources */ = {
			isa = PBXSourcesBuildPhase;
			buildActionMask = 2147483647;
			files = (
				96576A3019886EDD00097652 /* SwiftStepTests.swift in Sources */,
			);
			runOnlyForDeploymentPostprocessing = 0;
		};
/* End PBXSourcesBuildPhase section */

/* Begin PBXTargetDependency section */
		96576A2B19886EDD00097652 /* PBXTargetDependency */ = {
			isa = PBXTargetDependency;
			target = 96576A1619886EDC00097652 /* SwiftStep */;
			targetProxy = 96576A2A19886EDD00097652 /* PBXContainerItemProxy */;
		};
/* End PBXTargetDependency section */

/* Begin PBXVariantGroup section */
		96576A2019886EDC00097652 /* Main.storyboard */ = {
			isa = PBXVariantGroup;
			children = (
				96576A2119886EDC00097652 /* Base */,
			);
			name = Main.storyboard;
			sourceTree = "<group>";
		};
/* End PBXVariantGroup section */

/* Begin XCBuildConfiguration section */
		96576A3119886EDD00097652 /* Debug */ = {
			isa = XCBuildConfiguration;
			buildSettings = {
				ALWAYS_SEARCH_USER_PATHS = NO;
				CLANG_CXX_LANGUAGE_STANDARD = "gnu++0x";
				CLANG_CXX_LIBRARY = "libc++";
				CLANG_ENABLE_MODULES = YES;
				CLANG_ENABLE_OBJC_ARC = YES;
				CLANG_WARN_BOOL_CONVERSION = YES;
				CLANG_WARN_CONSTANT_CONVERSION = YES;
				CLANG_WARN_DIRECT_OBJC_ISA_USAGE = YES_ERROR;
				CLANG_WARN_EMPTY_BODY = YES;
				CLANG_WARN_ENUM_CONVERSION = YES;
				CLANG_WARN_INT_CONVERSION = YES;
				CLANG_WARN_OBJC_ROOT_CLASS = YES_ERROR;
				CLANG_WARN_UNREACHABLE_CODE = YES;
				CLANG_WARN__DUPLICATE_METHOD_MATCH = YES;
				"CODE_SIGN_IDENTITY[sdk=iphoneos*]" = "iPhone Developer";
				COPY_PHASE_STRIP = NO;
				ENABLE_STRICT_OBJC_MSGSEND = YES;
				GCC_C_LANGUAGE_STANDARD = gnu99;
				GCC_DYNAMIC_NO_PIC = NO;
				GCC_OPTIMIZATION_LEVEL = 0;
				GCC_PREPROCESSOR_DEFINITIONS = (
					"DEBUG=1",
					"$(inherited)",
				);
				GCC_SYMBOLS_PRIVATE_EXTERN = NO;
				GCC_WARN_64_TO_32_BIT_CONVERSION = YES;
				GCC_WARN_ABOUT_RETURN_TYPE = YES_ERROR;
				GCC_WARN_UNDECLARED_SELECTOR = YES;
				GCC_WARN_UNINITIALIZED_AUTOS = YES_AGGRESSIVE;
				GCC_WARN_UNUSED_FUNCTION = YES;
				GCC_WARN_UNUSED_VARIABLE = YES;
				IPHONEOS_DEPLOYMENT_TARGET = 8.0;
				MTL_ENABLE_DEBUG_INFO = YES;
				ONLY_ACTIVE_ARCH = YES;
				SDKROOT = iphoneos;
				SWIFT_OPTIMIZATION_LEVEL = "-Onone";
				TARGETED_DEVICE_FAMILY = "1,2";
			};
			name = Debug;
		};
		96576A3219886EDD00097652 /* Release */ = {
			isa = XCBuildConfiguration;
			buildSettings = {
				ALWAYS_SEARCH_USER_PATHS = NO;
				CLANG_CXX_LANGUAGE_STANDARD = "gnu++0x";
				CLANG_CXX_LIBRARY = "libc++";
				CLANG_ENABLE_MODULES = YES;
				CLANG_ENABLE_OBJC_ARC = YES;
				CLANG_WARN_BOOL_CONVERSION = YES;
				CLANG_WARN_CONSTANT_CONVERSION = YES;
				CLANG_WARN_DIRECT_OBJC_ISA_USAGE = YES_ERROR;
				CLANG_WARN_EMPTY_BODY = YES;
				CLANG_WARN_ENUM_CONVERSION = YES;
				CLANG_WARN_INT_CONVERSION = YES;
				CLANG_WARN_OBJC_ROOT_CLASS = YES_ERROR;
				CLANG_WARN_UNREACHABLE_CODE = YES;
				CLANG_WARN__DUPLICATE_METHOD_MATCH = YES;
				"CODE_SIGN_IDENTITY[sdk=iphoneos*]" = "iPhone Developer";
				COPY_PHASE_STRIP = YES;
				ENABLE_NS_ASSERTIONS = NO;
				ENABLE_STRICT_OBJC_MSGSEND = YES;
				GCC_C_LANGUAGE_STANDARD = gnu99;
				GCC_WARN_64_TO_32_BIT_CONVERSION = YES;
				GCC_WARN_ABOUT_RETURN_TYPE = YES_ERROR;
				GCC_WARN_UNDECLARED_SELECTOR = YES;
				GCC_WARN_UNINITIALIZED_AUTOS = YES_AGGRESSIVE;
				GCC_WARN_UNUSED_FUNCTION = YES;
				GCC_WARN_UNUSED_VARIABLE = YES;
				IPHONEOS_DEPLOYMENT_TARGET = 8.0;
				MTL_ENABLE_DEBUG_INFO = NO;
				SDKROOT = iphoneos;
				TARGETED_DEVICE_FAMILY = "1,2";
				VALIDATE_PRODUCT = YES;
			};
			name = Release;
		};
		96576A3419886EDD00097652 /* Debug */ = {
			isa = XCBuildConfiguration;
			baseConfigurationReference = A1E477F41D4143C6994515D3 /* Pods-SwiftStep.xcconfig */;
			buildSettings = {
				ASSETCATALOG_COMPILER_APPICON_NAME = AppIcon;
				ASSETCATALOG_COMPILER_LAUNCHIMAGE_NAME = LaunchImage;
				CLANG_ENABLE_MODULES = YES;
				INFOPLIST_FILE = SwiftStep/Info.plist;
				LD_RUNPATH_SEARCH_PATHS = "$(inherited) @executable_path/Frameworks";
				PRODUCT_NAME = "$(TARGET_NAME)";
				SWIFT_OBJC_BRIDGING_HEADER = "SwiftStep-Bridging-Header.h";
				SWIFT_OPTIMIZATION_LEVEL = "-Onone";
			};
			name = Debug;
		};
		96576A3519886EDD00097652 /* Release */ = {
			isa = XCBuildConfiguration;
			baseConfigurationReference = A1E477F41D4143C6994515D3 /* Pods-SwiftStep.xcconfig */;
			buildSettings = {
				ASSETCATALOG_COMPILER_APPICON_NAME = AppIcon;
				ASSETCATALOG_COMPILER_LAUNCHIMAGE_NAME = LaunchImage;
				CLANG_ENABLE_MODULES = YES;
				INFOPLIST_FILE = SwiftStep/Info.plist;
				LD_RUNPATH_SEARCH_PATHS = "$(inherited) @executable_path/Frameworks";
				PRODUCT_NAME = "$(TARGET_NAME)";
				SWIFT_OBJC_BRIDGING_HEADER = "SwiftStep-Bridging-Header.h";
			};
			name = Release;
		};
		96576A3719886EDD00097652 /* Debug */ = {
			isa = XCBuildConfiguration;
			buildSettings = {
				BUNDLE_LOADER = "$(BUILT_PRODUCTS_DIR)/SwiftStep.app/SwiftStep";
				FRAMEWORK_SEARCH_PATHS = (
					"$(SDKROOT)/Developer/Library/Frameworks",
					"$(inherited)",
				);
				GCC_PREPROCESSOR_DEFINITIONS = (
					"DEBUG=1",
					"$(inherited)",
				);
				INFOPLIST_FILE = SwiftStepTests/Info.plist;
				LD_RUNPATH_SEARCH_PATHS = "$(inherited) @executable_path/Frameworks @loader_path/Frameworks";
				PRODUCT_NAME = "$(TARGET_NAME)";
				TEST_HOST = "$(BUNDLE_LOADER)";
			};
			name = Debug;
		};
		96576A3819886EDD00097652 /* Release */ = {
			isa = XCBuildConfiguration;
			buildSettings = {
				BUNDLE_LOADER = "$(BUILT_PRODUCTS_DIR)/SwiftStep.app/SwiftStep";
				FRAMEWORK_SEARCH_PATHS = (
					"$(SDKROOT)/Developer/Library/Frameworks",
					"$(inherited)",
				);
				INFOPLIST_FILE = SwiftStepTests/Info.plist;
				LD_RUNPATH_SEARCH_PATHS = "$(inherited) @executable_path/Frameworks @loader_path/Frameworks";
				PRODUCT_NAME = "$(TARGET_NAME)";
				TEST_HOST = "$(BUNDLE_LOADER)";
			};
			name = Release;
		};
/* End XCBuildConfiguration section */

/* Begin XCConfigurationList section */
		96576A1219886EDC00097652 /* Build configuration list for PBXProject "SwiftStep" */ = {
			isa = XCConfigurationList;
			buildConfigurations = (
				96576A3119886EDD00097652 /* Debug */,
				96576A3219886EDD00097652 /* Release */,
			);
			defaultConfigurationIsVisible = 0;
			defaultConfigurationName = Release;
		};
		96576A3319886EDD00097652 /* Build configuration list for PBXNativeTarget "SwiftStep" */ = {
			isa = XCConfigurationList;
			buildConfigurations = (
				96576A3419886EDD00097652 /* Debug */,
				96576A3519886EDD00097652 /* Release */,
			);
			defaultConfigurationIsVisible = 0;
			defaultConfigurationName = Release;
		};
		96576A3619886EDD00097652 /* Build configuration list for PBXNativeTarget "SwiftStepTests" */ = {
			isa = XCConfigurationList;
			buildConfigurations = (
				96576A3719886EDD00097652 /* Debug */,
				96576A3819886EDD00097652 /* Release */,
			);
			defaultConfigurationIsVisible = 0;
			defaultConfigurationName = Release;
		};
/* End XCConfigurationList section */
	};
	rootObject = 96576A0F19886EDC00097652 /* Project object */;
}
